# dockpin apt lock file v1
base-image=bench:arm10

'http://mirrors.aliyun.com/ubuntu/pool/main/g/gettext/gettext-base_0.21-4ubuntu4_amd64.deb' gettext-base_0.21-4ubuntu4_amd64.deb 37842 MD5Sum:9ffa8ebba37128c1f3dd948fa72af07b
'http://mirrors.aliyun.com/ubuntu/pool/main/g/gettext/autopoint_0.21-4ubuntu4_all.deb' autopoint_0.21-4ubuntu4_all.deb 421670 MD5Sum:3212ceb39ba24155755859fdcc99412f
'http://mirrors.aliyun.com/ubuntu/pool/main/g/gettext/gettext_0.21-4ubuntu4_amd64.deb' gettext_0.21-4ubuntu4_amd64.deb 867856 MD5Sum:e0dfe9f2022ae8db726b56f426a97a7d
'http://mirrors.aliyun.com/ubuntu/pool/universe/s/scons/scons_4.0.1%2bdfsg-2_all.deb' scons_4.0.1+dfsg-2_all.deb 468624 MD5Sum:fb9dec63c69c2715ce00f4d40f054cb8
'http://mirrors.aliyun.com/ubuntu/pool/main/p/python-pyelftools/python3-pyelftools_0.27-1_all.deb' python3-pyelftools_0.27-1_all.deb 97356 MD5Sum:46c0fc160dd71b5aa93eed0f31d001a4
