# dockpin apt lock file v1
base-image=bench:sshd

'http://mirrors.aliyun.com/ubuntu/pool/main/g/gcc-11/libstdc%2b%2b-11-dev_11.4.0-1ubuntu1%7e22.04.3_amd64.deb' libstdc++-11-dev_11.4.0-1ubuntu1~22.04.3_amd64.deb 2100928 MD5Sum:5be896faeadffce3360529676383ef02
'http://mirrors.aliyun.com/ubuntu/pool/main/g/gcc-11/g%2b%2b-11_11.4.0-1ubuntu1%7e22.04.3_amd64.deb' g++-11_11.4.0-1ubuntu1~22.04.3_amd64.deb 11424396 MD5Sum:101033c09134e0fe8b2e24c50c7e7b58
'http://mirrors.aliyun.com/ubuntu/pool/main/g/gcc-defaults/g%2b%2b_11.2.0-1ubuntu1_amd64.deb' g++_4%3a11.2.0-1ubuntu1_amd64.deb 1412 MD5Sum:127337edec010d07a97edc6e40d99fee
'http://mirrors.aliyun.com/ubuntu/pool/main/l/lto-disabled-list/lto-disabled-list_24_all.deb' lto-disabled-list_24_all.deb 12504 MD5Sum:00ac46ac818bce8b504ade0df73e953a
'http://mirrors.aliyun.com/ubuntu/pool/main/d/dpkg/dpkg-dev_1.21.1ubuntu2.6_all.deb' dpkg-dev_1.21.1ubuntu2.6_all.deb 921736 MD5Sum:0810f292f4ae8b95d7b2354e2212828a
'http://mirrors.aliyun.com/ubuntu/pool/main/b/build-essential/build-essential_12.9ubuntu3_amd64.deb' build-essential_12.9ubuntu3_amd64.deb 4744 MD5Sum:8f82837be1c86fc816b51ac9b519268a
'http://mirrors.aliyun.com/ubuntu/pool/main/f/fakeroot/libfakeroot_1.28-1ubuntu1_amd64.deb' libfakeroot_1.28-1ubuntu1_amd64.deb 31506 MD5Sum:03efa85abe062b573c3a5f25e10005be
'http://mirrors.aliyun.com/ubuntu/pool/main/f/fakeroot/fakeroot_1.28-1ubuntu1_amd64.deb' fakeroot_1.28-1ubuntu1_amd64.deb 60358 MD5Sum:49e045c42c4ef4b79714950f97dee147
'http://mirrors.aliyun.com/ubuntu/pool/main/j/javascript-common/javascript-common_11%2bnmu1_all.deb' javascript-common_11+nmu1_all.deb 5936 MD5Sum:37009b714e001758ba3f5505bbb14114
'http://mirrors.aliyun.com/ubuntu/pool/main/liba/libalgorithm-diff-perl/libalgorithm-diff-perl_1.201-1_all.deb' libalgorithm-diff-perl_1.201-1_all.deb 41804 MD5Sum:40c9245c939e970765c140f16d609cce
'http://mirrors.aliyun.com/ubuntu/pool/main/liba/libalgorithm-diff-xs-perl/libalgorithm-diff-xs-perl_0.04-6build3_amd64.deb' libalgorithm-diff-xs-perl_0.04-6build3_amd64.deb 11924 MD5Sum:9d669ded29afd1b59e708fd4179e9ac1
'http://mirrors.aliyun.com/ubuntu/pool/main/liba/libalgorithm-merge-perl/libalgorithm-merge-perl_0.08-3_all.deb' libalgorithm-merge-perl_0.08-3_all.deb 11992 MD5Sum:6b456963b6629af0514be1b8ccbaa7fc
'http://mirrors.aliyun.com/ubuntu/pool/universe/c/capstone/libcapstone4_4.0.2-5_amd64.deb' libcapstone4_4.0.2-5_amd64.deb 663540 MD5Sum:213187832b3d72074ab8530b5002ccd4
'http://mirrors.aliyun.com/ubuntu/pool/main/e/expat/libexpat1-dev_2.4.7-1ubuntu0.7_amd64.deb' libexpat1-dev_2.4.7-1ubuntu0.7_amd64.deb 147506 MD5Sum:c63a37603d2d5070d4764c38e744d11a
'http://mirrors.aliyun.com/ubuntu/pool/main/n/node-jquery/libjs-jquery_3.6.0%2bdfsg%2b%7e3.5.13-1_all.deb' libjs-jquery_3.6.0+dfsg+~3.5.13-1_all.deb 320998 MD5Sum:652d9e2da951e07ce65d6cc4d1f52dbf
'http://mirrors.aliyun.com/ubuntu/pool/main/u/underscore/libjs-underscore_1.13.2%7edfsg-2_all.deb' libjs-underscore_1.13.2~dfsg-2_all.deb 117782 MD5Sum:ca0937826f2340fb8ac1796d1046619d
'http://mirrors.aliyun.com/ubuntu/pool/main/s/sphinx/libjs-sphinxdoc_4.3.2-1_all.deb' libjs-sphinxdoc_4.3.2-1_all.deb 138934 MD5Sum:23de833ec11a4c95acac71aa3f95b8fb
'http://mirrors.aliyun.com/ubuntu/pool/main/z/zlib/zlib1g-dev_1.2.11.dfsg-2ubuntu9.2_amd64.deb' zlib1g-dev_1%3a1.2.11.dfsg-2ubuntu9.2_amd64.deb 164060 MD5Sum:478e06cf530a26eda164d3902978045a
'http://mirrors.aliyun.com/ubuntu/pool/main/p/python3.10/libpython3.10-dev_3.10.12-1%7e22.04.14_amd64.deb' libpython3.10-dev_3.10.12-1~22.04.14_amd64.deb 4764774 MD5Sum:5555b3c927adbf4727eef3434cd288dd
'http://mirrors.aliyun.com/ubuntu/pool/main/p/python3-defaults/libpython3-dev_3.10.6-1%7e22.04.1_amd64.deb' libpython3-dev_3.10.6-1~22.04.1_amd64.deb 7064 MD5Sum:cf678aba200a4b6d7f55f051b7c2c3bc
'http://mirrors.aliyun.com/ubuntu/pool/main/p/python-babel/python-babel-localedata_2.8.0%2bdfsg.1-7_all.deb' python-babel-localedata_2.8.0+dfsg.1-7_all.deb 4982220 MD5Sum:03a71badd6fa019c220fae9734b141ef
'http://mirrors.aliyun.com/ubuntu/pool/main/p/python-tz/python3-tz_2022.1-1ubuntu0.22.04.1_all.deb' python3-tz_2022.1-1ubuntu0.22.04.1_all.deb 30712 MD5Sum:4284cc29b7f7562ceb9c17e6aa67cce6
'http://mirrors.aliyun.com/ubuntu/pool/main/p/python-babel/python3-babel_2.8.0%2bdfsg.1-7_all.deb' python3-babel_2.8.0+dfsg.1-7_all.deb 85064 MD5Sum:c5c0824c3a7d7df03faf222b4ee875c3
'http://mirrors.aliyun.com/ubuntu/pool/main/p/python3-stdlib-extensions/python3-lib2to3_3.10.8-1%7e22.04_all.deb' python3-lib2to3_3.10.8-1~22.04_all.deb 77598 MD5Sum:4a0d4706d957d5786ea4393a443581a7
'http://mirrors.aliyun.com/ubuntu/pool/main/p/python3-stdlib-extensions/python3-distutils_3.10.8-1%7e22.04_all.deb' python3-distutils_3.10.8-1~22.04_all.deb 138862 MD5Sum:4ebfd8463dd0ff944abe9f2b1abf9985
'http://mirrors.aliyun.com/ubuntu/pool/universe/c/capstone/python3-capstone_4.0.2-5_amd64.deb' python3-capstone_4.0.2-5_amd64.deb 89128 MD5Sum:f01885e3b560d1363d63c9fb9b6ca570
'http://mirrors.aliyun.com/ubuntu/pool/main/p/python-certifi/python3-certifi_2020.6.20-1_all.deb' python3-certifi_2020.6.20-1_all.deb 150260 MD5Sum:7564ffdb1387c8e7142bf7cc4df34db5
'http://mirrors.aliyun.com/ubuntu/pool/main/c/chardet/python3-chardet_4.0.0-1_all.deb' python3-chardet_4.0.0-1_all.deb 97952 MD5Sum:f08c5da9f11df4ede6ee6fb7692b08f1
'http://mirrors.aliyun.com/ubuntu/pool/main/p/python3.10/python3.10-dev_3.10.12-1%7e22.04.14_amd64.deb' python3.10-dev_3.10.12-1~22.04.14_amd64.deb 507906 MD5Sum:00e0062a562d78fa9bfce8b7089952e9
'http://mirrors.aliyun.com/ubuntu/pool/main/p/python3-defaults/python3-dev_3.10.6-1%7e22.04.1_amd64.deb' python3-dev_3.10.6-1~22.04.1_amd64.deb 25960 MD5Sum:264aee8e6e226155ae58afee79a26bdd
'http://mirrors.aliyun.com/ubuntu/pool/universe/d/distlib/python3-distlib_0.3.4-1_all.deb' python3-distlib_0.3.4-1_all.deb 269258 MD5Sum:fe7466a71b5be472a00cb87ff5c245e7
'http://mirrors.aliyun.com/ubuntu/pool/universe/p/python-filelock/python3-filelock_3.6.0-1_all.deb' python3-filelock_3.6.0-1_all.deb 8788 MD5Sum:46dd58ca6f70a2730cba278dac9c8b92
'http://mirrors.aliyun.com/ubuntu/pool/universe/p/python-smmap/python3-smmap_5.0.0-1_all.deb' python3-smmap_5.0.0-1_all.deb 20958 MD5Sum:537eecbe82abbc29dee774a82d32a502
'http://mirrors.aliyun.com/ubuntu/pool/universe/p/python-gitdb/python3-gitdb_4.0.9-1_all.deb' python3-gitdb_4.0.9-1_all.deb 46452 MD5Sum:232eaa61ba390e9bb019f176819357e6
'http://mirrors.aliyun.com/ubuntu/pool/universe/p/python-git/python3-git_3.1.24-1_all.deb' python3-git_3.1.24-1_all.deb 130276 MD5Sum:e7f1306a16c97d4749dfe2a49b4eb5ee
'http://mirrors.aliyun.com/ubuntu/pool/main/p/python-idna/python3-idna_3.3-1ubuntu0.1_all.deb' python3-idna_3.3-1ubuntu0.1_all.deb 52118 MD5Sum:a699f89457b26def9ce6a161bda55547
'http://mirrors.aliyun.com/ubuntu/pool/main/m/markupsafe/python3-markupsafe_2.0.1-2build1_amd64.deb' python3-markupsafe_2.0.1-2build1_amd64.deb 12698 MD5Sum:408697326ca9d9a148c840cb3bf4ade8
'http://mirrors.aliyun.com/ubuntu/pool/main/j/jinja2/python3-jinja2_3.0.3-1ubuntu0.4_all.deb' python3-jinja2_3.0.3-1ubuntu0.4_all.deb 108500 MD5Sum:a9da7bbbe755457b97195b5b7fa533a7
'http://mirrors.aliyun.com/ubuntu/pool/main/p/ptyprocess/python3-ptyprocess_0.7.0-3_all.deb' python3-ptyprocess_0.7.0-3_all.deb 15356 MD5Sum:d43c1d64538636f05945a0f62fc1295f
'http://mirrors.aliyun.com/ubuntu/pool/main/p/pexpect/python3-pexpect_4.8.0-2ubuntu1_all.deb' python3-pexpect_4.8.0-2ubuntu1_all.deb 46682 MD5Sum:d9a6fdc7bf557a10c553fffe19213e82
'http://mirrors.aliyun.com/ubuntu/pool/main/s/setuptools/python3-setuptools_59.6.0-1.2ubuntu0.22.04.3_all.deb' python3-setuptools_59.6.0-1.2ubuntu0.22.04.3_all.deb 340010 MD5Sum:bd23f1f943a38b18f008f047fd6d4d7b
'http://mirrors.aliyun.com/ubuntu/pool/universe/w/wheel/python3-wheel_0.37.1-2ubuntu0.22.04.1_all.deb' python3-wheel_0.37.1-2ubuntu0.22.04.1_all.deb 32004 MD5Sum:09d52363a1f878446ce9453706a64433
'http://mirrors.aliyun.com/ubuntu/pool/universe/p/python-pip/python3-pip_22.0.2%2bdfsg-1ubuntu0.7_all.deb' python3-pip_22.0.2+dfsg-1ubuntu0.7_all.deb 1306216 MD5Sum:127544c5dd64b54ba9e53746a32adc57
'http://mirrors.aliyun.com/ubuntu/pool/universe/p/python-pip/python3-pip-whl_22.0.2%2bdfsg-1ubuntu0.7_all.deb' python3-pip-whl_22.0.2+dfsg-1ubuntu0.7_all.deb 1683292 MD5Sum:45b16f2922ad99602c02197fa2d67e34
'http://mirrors.aliyun.com/ubuntu/pool/universe/p/platformdirs/python3-platformdirs_2.5.1-1_all.deb' python3-platformdirs_2.5.1-1_all.deb 14178 MD5Sum:c816767421b1683d20d1babeb4705f56
'http://mirrors.aliyun.com/ubuntu/pool/main/p/python-urllib3/python3-urllib3_1.26.5-1%7eexp1ubuntu0.6_all.deb' python3-urllib3_1.26.5-1~exp1ubuntu0.6_all.deb 98680 MD5Sum:49057396e69f8f6d49c4ed84c7cd2cb0
'http://mirrors.aliyun.com/ubuntu/pool/main/r/requests/python3-requests_2.25.1%2bdfsg-2ubuntu0.3_all.deb' python3-requests_2.25.1+dfsg-2ubuntu0.3_all.deb 48756 MD5Sum:055cbad2cf90ba7eada3d1688f031cde
'http://mirrors.aliyun.com/ubuntu/pool/universe/s/setuptools/python3-setuptools-whl_59.6.0-1.2ubuntu0.22.04.3_all.deb' python3-setuptools-whl_59.6.0-1.2ubuntu0.22.04.3_all.deb 788780 MD5Sum:92285d12607961e6d196ca815ca5434b
'http://mirrors.aliyun.com/ubuntu/pool/universe/w/wheel/python3-wheel-whl_0.37.1-2ubuntu0.22.04.1_all.deb' python3-wheel-whl_0.37.1-2ubuntu0.22.04.1_all.deb 37992 MD5Sum:e1d4b64af32b5a4a6fbca8c3f1f5ebfd
'http://mirrors.aliyun.com/ubuntu/pool/universe/p/python-virtualenv/python3-virtualenv_20.13.0%2bds-2_all.deb' python3-virtualenv_20.13.0+ds-2_all.deb 80350 MD5Sum:69ac07509ad67aa0dab28692b6e0b16e
'http://mirrors.aliyun.com/ubuntu/pool/universe/p/python-virtualenv/virtualenv_20.13.0%2bds-2_all.deb' virtualenv_20.13.0+ds-2_all.deb 1968 MD5Sum:df780ce3f73f05ea02f79044f0a58fef
