# dockpin apt lock file v1
base-image=bench:python3

'http://mirrors.aliyun.com/ubuntu/pool/main/f/flex/flex_2.6.4-8build2_amd64.deb' flex_2.6.4-8build2_amd64.deb 306728 MD5Sum:4bcebe8b7e94ec3305afaf2b149fb2c6
'http://mirrors.aliyun.com/ubuntu/pool/main/k/kmod/kmod_29-1ubuntu1_amd64.deb' kmod_29-1ubuntu1_amd64.deb 101464 MD5Sum:ef104b28c661702023a64920195278b6
'http://mirrors.aliyun.com/ubuntu/pool/main/b/bison/bison_3.8.2%2bdfsg-1build1_amd64.deb' bison_2%3a3.8.2+dfsg-1build1_amd64.deb 748062 MD5Sum:778b7254ff7ac42115ad232168187463
'http://mirrors.aliyun.com/ubuntu/pool/main/g/glibc/libc6-i386_2.35-0ubuntu3.13_amd64.deb' libc6-i386_2.35-0ubuntu3.13_amd64.deb 2837326 MD5Sum:08a9847bc4d91c9a101616a936552d62
'http://mirrors.aliyun.com/ubuntu/pool/main/g/glibc/libc6-dev-i386_2.35-0ubuntu3.13_amd64.deb' libc6-dev-i386_2.35-0ubuntu3.13_amd64.deb 1444732 MD5Sum:0cc778fd2d2ed86e2d01590dcbe0e9aa
'http://mirrors.aliyun.com/ubuntu/pool/main/g/glibc/libc6-x32_2.35-0ubuntu3.13_amd64.deb' libc6-x32_2.35-0ubuntu3.13_amd64.deb 2978242 MD5Sum:fa29c87a85fcb39ddae6d56ff7a027d6
'http://mirrors.aliyun.com/ubuntu/pool/main/g/glibc/libc6-dev-x32_2.35-0ubuntu3.13_amd64.deb' libc6-dev-x32_2.35-0ubuntu3.13_amd64.deb 1632132 MD5Sum:e1cc3668ce9911a66488358d584601f6
'http://mirrors.aliyun.com/ubuntu/pool/main/g/gcc-12/lib32gcc-s1_12.3.0-1ubuntu1%7e22.04.3_amd64.deb' lib32gcc-s1_12.3.0-1ubuntu1~22.04.3_amd64.deb 63870 MD5Sum:94d286916035f3bb3aca9e67b43f4a6e
'http://mirrors.aliyun.com/ubuntu/pool/main/g/gcc-12/libx32gcc-s1_12.3.0-1ubuntu1%7e22.04.3_amd64.deb' libx32gcc-s1_12.3.0-1ubuntu1~22.04.3_amd64.deb 54046 MD5Sum:266b080991a01516b6ad7e4a5804a001
'http://mirrors.aliyun.com/ubuntu/pool/main/g/gcc-12/lib32gomp1_12.3.0-1ubuntu1%7e22.04.3_amd64.deb' lib32gomp1_12.3.0-1ubuntu1~22.04.3_amd64.deb 133366 MD5Sum:1c62a025c9abb9bb245a98ed8b440a91
'http://mirrors.aliyun.com/ubuntu/pool/main/g/gcc-12/libx32gomp1_12.3.0-1ubuntu1%7e22.04.3_amd64.deb' libx32gomp1_12.3.0-1ubuntu1~22.04.3_amd64.deb 127028 MD5Sum:3a0f221d52f484cc31a0964d1481a4a8
'http://mirrors.aliyun.com/ubuntu/pool/main/g/gcc-12/lib32itm1_12.3.0-1ubuntu1%7e22.04.3_amd64.deb' lib32itm1_12.3.0-1ubuntu1~22.04.3_amd64.deb 32050 MD5Sum:92bc923416c42bd8d2d6be092e74f0ae
'http://mirrors.aliyun.com/ubuntu/pool/main/g/gcc-12/libx32itm1_12.3.0-1ubuntu1%7e22.04.3_amd64.deb' libx32itm1_12.3.0-1ubuntu1~22.04.3_amd64.deb 30166 MD5Sum:1b94637727e6440d09d9562b186f9829
'http://mirrors.aliyun.com/ubuntu/pool/main/g/gcc-12/lib32atomic1_12.3.0-1ubuntu1%7e22.04.3_amd64.deb' lib32atomic1_12.3.0-1ubuntu1~22.04.3_amd64.deb 8516 MD5Sum:8ef88150e5e12ddbd3254d8afc45fa23
'http://mirrors.aliyun.com/ubuntu/pool/main/g/gcc-12/libx32atomic1_12.3.0-1ubuntu1%7e22.04.3_amd64.deb' libx32atomic1_12.3.0-1ubuntu1~22.04.3_amd64.deb 10240 MD5Sum:629544979481e967cad0707ac6d9a432
'http://mirrors.aliyun.com/ubuntu/pool/main/g/gcc-11/lib32asan6_11.4.0-1ubuntu1%7e22.04.3_amd64.deb' lib32asan6_11.4.0-1ubuntu1~22.04.3_amd64.deb 2153806 MD5Sum:ff33ce2126c874ad3517a47a7aa69664
'http://mirrors.aliyun.com/ubuntu/pool/main/g/gcc-11/libx32asan6_11.4.0-1ubuntu1%7e22.04.3_amd64.deb' libx32asan6_11.4.0-1ubuntu1~22.04.3_amd64.deb 2128978 MD5Sum:9fcecd8f55027801d64115c11fc55c35
'http://mirrors.aliyun.com/ubuntu/pool/main/g/gcc-12/lib32stdc%2b%2b6_12.3.0-1ubuntu1%7e22.04.3_amd64.deb' lib32stdc++6_12.3.0-1ubuntu1~22.04.3_amd64.deb 739208 MD5Sum:d53b41623a2da74a9ea4ecd564f983b1
'http://mirrors.aliyun.com/ubuntu/pool/main/g/gcc-12/lib32ubsan1_12.3.0-1ubuntu1%7e22.04.3_amd64.deb' lib32ubsan1_12.3.0-1ubuntu1~22.04.3_amd64.deb 958894 MD5Sum:393db58c24307e73cf22826c686143f4
'http://mirrors.aliyun.com/ubuntu/pool/main/g/gcc-12/libx32stdc%2b%2b6_12.3.0-1ubuntu1%7e22.04.3_amd64.deb' libx32stdc++6_12.3.0-1ubuntu1~22.04.3_amd64.deb 682176 MD5Sum:8593b2f0bd64dd40cf3394419b8ece44
'http://mirrors.aliyun.com/ubuntu/pool/main/g/gcc-12/libx32ubsan1_12.3.0-1ubuntu1%7e22.04.3_amd64.deb' libx32ubsan1_12.3.0-1ubuntu1~22.04.3_amd64.deb 963452 MD5Sum:69d6c623f2303c73e32a380bed647bd0
'http://mirrors.aliyun.com/ubuntu/pool/main/g/gcc-12/lib32quadmath0_12.3.0-1ubuntu1%7e22.04.3_amd64.deb' lib32quadmath0_12.3.0-1ubuntu1~22.04.3_amd64.deb 244112 MD5Sum:ac0acc5ec91cd3efa6e163605157a9b1
'http://mirrors.aliyun.com/ubuntu/pool/main/g/gcc-12/libx32quadmath0_12.3.0-1ubuntu1%7e22.04.3_amd64.deb' libx32quadmath0_12.3.0-1ubuntu1~22.04.3_amd64.deb 156154 MD5Sum:c897de0255dc7c147905fee7cd5d059d
'http://mirrors.aliyun.com/ubuntu/pool/main/g/gcc-11/lib32gcc-11-dev_11.4.0-1ubuntu1%7e22.04.3_amd64.deb' lib32gcc-11-dev_11.4.0-1ubuntu1~22.04.3_amd64.deb 2338918 MD5Sum:6a1b103950a6aa1ca8338576a5fff41a
'http://mirrors.aliyun.com/ubuntu/pool/main/g/gcc-11/libx32gcc-11-dev_11.4.0-1ubuntu1%7e22.04.3_amd64.deb' libx32gcc-11-dev_11.4.0-1ubuntu1~22.04.3_amd64.deb 2106784 MD5Sum:92e0f465fe8fbf9472b6df4fdf534752
'http://mirrors.aliyun.com/ubuntu/pool/main/g/gcc-11/gcc-11-multilib_11.4.0-1ubuntu1%7e22.04.3_amd64.deb' gcc-11-multilib_11.4.0-1ubuntu1~22.04.3_amd64.deb 880 MD5Sum:912bf66dd65eb63df1cb36e18cb1bb26
'http://mirrors.aliyun.com/ubuntu/pool/main/g/gcc-11/lib32stdc%2b%2b-11-dev_11.4.0-1ubuntu1%7e22.04.3_amd64.deb' lib32stdc++-11-dev_11.4.0-1ubuntu1~22.04.3_amd64.deb 989228 MD5Sum:720da2246b8e50b190f80adeb913daee
'http://mirrors.aliyun.com/ubuntu/pool/main/g/gcc-11/libx32stdc%2b%2b-11-dev_11.4.0-1ubuntu1%7e22.04.3_amd64.deb' libx32stdc++-11-dev_11.4.0-1ubuntu1~22.04.3_amd64.deb 906214 MD5Sum:4c59849add2756c77fb1b82f8d0884e8
'http://mirrors.aliyun.com/ubuntu/pool/main/g/gcc-11/g%2b%2b-11-multilib_11.4.0-1ubuntu1%7e22.04.3_amd64.deb' g++-11-multilib_11.4.0-1ubuntu1~22.04.3_amd64.deb 894 MD5Sum:45c5969927742771155a127d9c806e8d
'http://mirrors.aliyun.com/ubuntu/pool/main/g/gcc-defaults/gcc-multilib_11.2.0-1ubuntu1_amd64.deb' gcc-multilib_4%3a11.2.0-1ubuntu1_amd64.deb 1382 MD5Sum:728d81c283611ab9ad43fb0f495c5683
'http://mirrors.aliyun.com/ubuntu/pool/main/g/gcc-defaults/g%2b%2b-multilib_11.2.0-1ubuntu1_amd64.deb' g++-multilib_4%3a11.2.0-1ubuntu1_amd64.deb 854 MD5Sum:ec009aa3d91a8814a33e304209c0d30f
'http://mirrors.aliyun.com/ubuntu/pool/main/f/flex/libfl2_2.6.4-8build2_amd64.deb' libfl2_2.6.4-8build2_amd64.deb 10684 MD5Sum:494142f85e9f2ab72e6a395f37c7425b
'http://mirrors.aliyun.com/ubuntu/pool/main/f/flex/libfl-dev_2.6.4-8build2_amd64.deb' libfl-dev_2.6.4-8build2_amd64.deb 6236 MD5Sum:5ec0987577757340a44230583b643eb7
'http://mirrors.aliyun.com/ubuntu/pool/universe/n/ninja-build/ninja-build_1.10.1-1_amd64.deb' ninja-build_1.10.1-1_amd64.deb 111368 MD5Sum:5a1d24d808ef8e49f1dcaffe30cc130d
'http://mirrors.aliyun.com/ubuntu/pool/main/b/binutils/binutils-dev_2.38-4ubuntu2.12_amd64.deb' binutils-dev_2.38-4ubuntu2.12_amd64.deb 4380874 MD5Sum:2991977337067db8c191e20776abe25e
'http://mirrors.aliyun.com/ubuntu/pool/main/d/device-tree-compiler/libfdt1_1.6.1-1_amd64.deb' libfdt1_1.6.1-1_amd64.deb 20034 MD5Sum:447dbb7c130f211013492296e360ac0a
'http://mirrors.aliyun.com/ubuntu/pool/main/d/device-tree-compiler/device-tree-compiler_1.6.1-1_amd64.deb' device-tree-compiler_1.6.1-1_amd64.deb 227664 MD5Sum:1b39b5f2013dfae64599cd723fc8ac99
