# dockpin apt lock file v1
base-image=bench:nodejs

'http://mirrors.aliyun.com/ubuntu/pool/main/f/fuse3/libfuse3-3_3.10.5-1build1_amd64.deb' libfuse3-3_3.10.5-1build1_amd64.deb 81246 MD5Sum:3e574cae167626a39f69d346cfa81f38
'http://mirrors.aliyun.com/ubuntu/pool/main/f/fuse3/fuse3_3.10.5-1build1_amd64.deb' fuse3_3.10.5-1build1_amd64.deb 24744 MD5Sum:dbbf842fa1b8ce3d9f6a74b7373d7458
'http://mirrors.aliyun.com/ubuntu/pool/main/l/lzo2/liblzo2-2_2.10-2build3_amd64.deb' liblzo2-2_2.10-2build3_amd64.deb 53658 MD5Sum:cef13138ae8b6e600c4758ec4f2331c7
'http://mirrors.aliyun.com/ubuntu/pool/main/s/squashfs-tools/squashfs-tools_4.5-3build1_amd64.deb' squashfs-tools_1%3a4.5-3build1_amd64.deb 158782 MD5Sum:89c9a90e53c8d1514763f3c5beafd873
'http://mirrors.aliyun.com/ubuntu/pool/main/s/snapd/snapd_2.73%2bubuntu22.04_amd64.deb' snapd_2.73+ubuntu22.04_amd64.deb 32250944 MD5Sum:4553a52aa07485493e7a2ad9634dd3a9
'http://mirrors.aliyun.com/ubuntu/pool/universe/c/chromium-browser/chromium-browser_85.0.4183.83-0ubuntu2.22.04.1_amd64.deb' chromium-browser_1%3a85.0.4183.83-0ubuntu2.22.04.1_amd64.deb 49248 MD5Sum:0eee862b955ee542436fb6f080da77d0
'http://mirrors.aliyun.com/ubuntu/pool/universe/f/fonts-arphic-bkai00mp/fonts-arphic-bkai00mp_2.10-21_all.deb' fonts-arphic-bkai00mp_2.10-21_all.deb 4953088 MD5Sum:c572b747a4edaad48fc97ac638cac152
'http://mirrors.aliyun.com/ubuntu/pool/universe/f/fonts-arphic-bsmi00lp/fonts-arphic-bsmi00lp_2.10-18_all.deb' fonts-arphic-bsmi00lp_2.10-18_all.deb 3830744 MD5Sum:1bbbdb295715649dcb1ec417e89c7ac4
'http://mirrors.aliyun.com/ubuntu/pool/main/f/fonts-arphic-uming/fonts-arphic-uming_0.2.20080216.2-10ubuntu2_all.deb' fonts-arphic-uming_0.2.20080216.2-10ubuntu2_all.deb 7932540 MD5Sum:f2a00948a405a651e8c0be54c9575d34
'http://mirrors.aliyun.com/ubuntu/pool/main/f/fonts-android/fonts-droid-fallback_6.0.1r16-1.1build1_all.deb' fonts-droid-fallback_1%3a6.0.1r16-1.1build1_all.deb 1805156 MD5Sum:7537bf759000a655f039c2ca64f43653
'http://mirrors.aliyun.com/ubuntu/pool/universe/f/fonts-ipafont/fonts-ipafont-gothic_00303-21ubuntu1_all.deb' fonts-ipafont-gothic_00303-21ubuntu1_all.deb 3513360 MD5Sum:e55a9bae06be908db5c9bd471b011caf
'http://mirrors.aliyun.com/ubuntu/pool/universe/f/fonts-ipafont/fonts-ipafont-mincho_00303-21ubuntu1_all.deb' fonts-ipafont-mincho_00303-21ubuntu1_all.deb 4723808 MD5Sum:2abaf43a330644ab620d882c66ea4c93
'http://mirrors.aliyun.com/ubuntu/pool/main/f/fonts-lato/fonts-lato_2.0-2.1_all.deb' fonts-lato_2.0-2.1_all.deb 2695864 MD5Sum:0b1b44b60654ae463128e20150cf4103
'http://mirrors.aliyun.com/ubuntu/pool/universe/f/fonts-unfonts-core/fonts-unfonts-core_1.0.2-080608-16_all.deb' fonts-unfonts-core_1%3a1.0.2-080608-16_all.deb 14859356 MD5Sum:ae983edea2ec3bc95b30c7cc31e4aa25
'http://mirrors.aliyun.com/ubuntu/pool/universe/f/fonts-unfonts-extra/fonts-unfonts-extra_1.0.2-080608%2bdfsg-9_all.deb' fonts-unfonts-extra_1%3a1.0.2-080608+dfsg-9_all.deb 6569748 MD5Sum:8e7345b8ebc54d7c85e9275133f56541
'http://mirrors.aliyun.com/ubuntu/pool/main/p/poppler-data/poppler-data_0.4.11-1_all.deb' poppler-data_0.4.11-1_all.deb 2170630 MD5Sum:b56c259f7e8454c2a0b6982445847776
'http://mirrors.aliyun.com/ubuntu/pool/main/libm/libmspack/libmspack0_0.10.1-2build2_amd64.deb' libmspack0_0.10.1-2build2_amd64.deb 39596 MD5Sum:b7ad81efb647a0f7393ebb88be077330
'http://mirrors.aliyun.com/ubuntu/pool/universe/c/cabextract/cabextract_1.9-3_amd64.deb' cabextract_1.9-3_amd64.deb 23376 MD5Sum:ab5fa6bf3a330c9c5eb5b452986ebb9e
'http://mirrors.aliyun.com/ubuntu/pool/main/libz/libzstd/zstd_1.4.8%2bdfsg-3build1_amd64.deb' zstd_1.4.8+dfsg-3build1_amd64.deb 602632 MD5Sum:8b968725051c6969aa4f28977aa06407
'http://mirrors.aliyun.com/ubuntu/pool/main/p/python-debian/python3-debian_0.1.43ubuntu1.1_all.deb' python3-debian_0.1.43ubuntu1.1_all.deb 107064 MD5Sum:c21be4ca6135abfd24e42c9bd771cfac
'http://mirrors.aliyun.com/ubuntu/pool/main/d/debconf/python3-debconf_1.5.79ubuntu1_all.deb' python3-debconf_1.5.79ubuntu1_all.deb 3914 MD5Sum:df6cd836291fea9c3560c131d62e92ce
'http://mirrors.aliyun.com/ubuntu/pool/main/d/distro-info/python3-distro-info_1.1ubuntu0.2_all.deb' python3-distro-info_1.1ubuntu0.2_all.deb 6554 MD5Sum:026cb61f57d7a85ad8d2219450b96c80
'http://mirrors.aliyun.com/ubuntu/pool/main/u/ubuntu-release-upgrader/python3-distupgrade_22.04.20_all.deb' python3-distupgrade_1%3a22.04.20_all.deb 106366 MD5Sum:a76405a9add3bd2b59be76c195472545
'http://mirrors.aliyun.com/ubuntu/pool/main/u/update-manager/python3-update-manager_22.04.22_all.deb' python3-update-manager_1%3a22.04.22_all.deb 39224 MD5Sum:ba2130e8e0b935a72fac651c1ac4d531
'http://mirrors.aliyun.com/ubuntu/pool/main/u/ubuntu-release-upgrader/ubuntu-release-upgrader-core_22.04.20_all.deb' ubuntu-release-upgrader-core_1%3a22.04.20_all.deb 26212 MD5Sum:2c417d4df508ed56c149765c94a4f386
'http://mirrors.aliyun.com/ubuntu/pool/main/d/distro-info/distro-info_1.1ubuntu0.2_amd64.deb' distro-info_1.1ubuntu0.2_amd64.deb 18660 MD5Sum:b78cd98919c9e60a96a670197632c569
'http://mirrors.aliyun.com/ubuntu/pool/main/u/ubuntu-advantage-tools/ubuntu-pro-client_37.1ubuntu0%7e22.04_amd64.deb' ubuntu-pro-client_37.1ubuntu0~22.04_amd64.deb 237556 MD5Sum:e4483a99458b0ee4db9271e7f3d62912
'http://mirrors.aliyun.com/ubuntu/pool/main/u/ubuntu-advantage-tools/ubuntu-advantage-tools_37.1ubuntu0%7e22.04_all.deb' ubuntu-advantage-tools_37.1ubuntu0~22.04_all.deb 10906 MD5Sum:301127c515baf924ec5949e4ecdd6a7f
'http://mirrors.aliyun.com/ubuntu/pool/main/u/update-manager/update-manager-core_22.04.22_all.deb' update-manager-core_1%3a22.04.22_all.deb 11552 MD5Sum:7ee334f0b85aaa748a83f575ed6ecdb1
'http://mirrors.aliyun.com/ubuntu/pool/main/u/update-notifier/update-notifier-common_3.192.54.8_all.deb' update-notifier-common_3.192.54.8_all.deb 185124 MD5Sum:f711f45767ad23b7e76ce018c283ef3e
'http://mirrors.aliyun.com/ubuntu/pool/multiverse/m/msttcorefonts/ttf-mscorefonts-installer_3.8ubuntu2_all.deb' ttf-mscorefonts-installer_3.8ubuntu2_all.deb 24896 MD5Sum:85c807bc70b6c4cbe5c0154e0d265bce
'http://mirrors.aliyun.com/ubuntu/pool/main/libt/libtext-iconv-perl/libtext-iconv-perl_1.7-7build3_amd64.deb' libtext-iconv-perl_1.7-7build3_amd64.deb 14278 MD5Sum:8fa82fd36c48765643e60ca2d63bfb04
'http://mirrors.aliyun.com/ubuntu/pool/main/u/ubuntu-advantage-tools/ubuntu-pro-client-l10n_37.1ubuntu0%7e22.04_amd64.deb' ubuntu-pro-client-l10n_37.1ubuntu0~22.04_amd64.deb 20712 MD5Sum:00d8e7b2c1a041ca1e3073117e482ded
'http://mirrors.aliyun.com/ubuntu/pool/main/a/alsa-topology-conf/alsa-topology-conf_1.2.5.1-2_all.deb' alsa-topology-conf_1.2.5.1-2_all.deb 15542 MD5Sum:ac951cc5419ff9c9ed8ab2f0cdcbebb6
'http://mirrors.aliyun.com/ubuntu/pool/main/a/alsa-lib/libasound2-data_1.2.6.1-1ubuntu1.1_all.deb' libasound2-data_1.2.6.1-1ubuntu1.1_all.deb 19266 MD5Sum:8e99ef51b21beac24779dcda285f3dcc
'http://mirrors.aliyun.com/ubuntu/pool/main/a/alsa-lib/libasound2_1.2.6.1-1ubuntu1.1_amd64.deb' libasound2_1.2.6.1-1ubuntu1.1_amd64.deb 390716 MD5Sum:af77dbe3afb4fe9de389656f64beb50f
'http://mirrors.aliyun.com/ubuntu/pool/main/a/alsa-ucm-conf/alsa-ucm-conf_1.2.6.3-1ubuntu1.12_all.deb' alsa-ucm-conf_1.2.6.3-1ubuntu1.12_all.deb 43498 MD5Sum:00a170463e6244285f56028321d68a19
'http://mirrors.aliyun.com/ubuntu/pool/main/b/binfmt-support/binfmt-support_2.2.1-2_amd64.deb' binfmt-support_2.2.1-2_amd64.deb 55820 MD5Sum:4fc7a3fee6a6d4bd8f62320c04de9391
'http://mirrors.aliyun.com/ubuntu/pool/main/j/java-common/java-common_0.72build2_all.deb' java-common_0.72build2_all.deb 6782 MD5Sum:bc37054db74f8ba5a0566c2e2ed25416
'http://mirrors.aliyun.com/ubuntu/pool/main/n/nspr/libnspr4_4.35-0ubuntu0.22.04.1_amd64.deb' libnspr4_2%3a4.35-0ubuntu0.22.04.1_amd64.deb 119208 MD5Sum:9f570e7da6ee36373d50f36b6b10ddae
'http://mirrors.aliyun.com/ubuntu/pool/main/n/nss/libnss3_3.98-0ubuntu0.22.04.2_amd64.deb' libnss3_2%3a3.98-0ubuntu0.22.04.2_amd64.deb 1346964 MD5Sum:06c7f02901ce5dd3a7f2b1ebf47104a4
'http://mirrors.aliyun.com/ubuntu/pool/main/p/pcsc-lite/libpcsclite1_1.9.5-3ubuntu1_amd64.deb' libpcsclite1_1.9.5-3ubuntu1_amd64.deb 19796 MD5Sum:347f0432d5d57cd67db767435f7fdb9a
'http://mirrors.aliyun.com/ubuntu/pool/main/o/openjdk-lts/openjdk-11-jre-headless_11.0.30%2b7-1ubuntu1%7e22.04_amd64.deb' openjdk-11-jre-headless_11.0.30+7-1ubuntu1~22.04_amd64.deb 42594774 MD5Sum:545e82dc5fb012b4524bf800e000e72c
'http://mirrors.aliyun.com/ubuntu/pool/main/j/java-common/default-jre-headless_1.11-72build2_amd64.deb' default-jre-headless_2%3a1.11-72build2_amd64.deb 3042 MD5Sum:8dc936fe2a0835e1c4554b6d16b7bfca
'http://mirrors.aliyun.com/ubuntu/pool/main/c/ca-certificates-java/ca-certificates-java_20190909ubuntu1.2_all.deb' ca-certificates-java_20190909ubuntu1.2_all.deb 12136 MD5Sum:f3ac1d80bec590ce57c688a483dca904
'http://mirrors.aliyun.com/ubuntu/pool/main/o/openjdk-lts/openjdk-11-jre_11.0.30%2b7-1ubuntu1%7e22.04_amd64.deb' openjdk-11-jre_11.0.30+7-1ubuntu1~22.04_amd64.deb 213544 MD5Sum:b42585c7a0a1172b15176d171788893a
'http://mirrors.aliyun.com/ubuntu/pool/main/j/java-common/default-jre_1.11-72build2_amd64.deb' default-jre_2%3a1.11-72build2_amd64.deb 896 MD5Sum:52db584df8499fc6020c3edd13a25475
'http://mirrors.aliyun.com/ubuntu/pool/main/o/openjdk-lts/openjdk-11-jdk-headless_11.0.30%2b7-1ubuntu1%7e22.04_amd64.deb' openjdk-11-jdk-headless_11.0.30+7-1ubuntu1~22.04_amd64.deb 73657990 MD5Sum:da673b27847acccae733b2f933298bf1
'http://mirrors.aliyun.com/ubuntu/pool/main/j/java-common/default-jdk-headless_1.11-72build2_amd64.deb' default-jdk-headless_2%3a1.11-72build2_amd64.deb 942 MD5Sum:f3e82a4eda3e99fdf34792cb8d316c4f
'http://mirrors.aliyun.com/ubuntu/pool/main/o/openjdk-lts/openjdk-11-jdk_11.0.30%2b7-1ubuntu1%7e22.04_amd64.deb' openjdk-11-jdk_11.0.30+7-1ubuntu1~22.04_amd64.deb 2925628 MD5Sum:fe55a0480b10f725b7cacd40c8381270
'http://mirrors.aliyun.com/ubuntu/pool/main/j/java-common/default-jdk_1.11-72build2_amd64.deb' default-jdk_2%3a1.11-72build2_amd64.deb 908 MD5Sum:8d99797f4b5ed32b2d014b16745dd005
'http://mirrors.aliyun.com/ubuntu/pool/universe/f/fastjar/fastjar_0.98-7_amd64.deb' fastjar_2%3a0.98-7_amd64.deb 67140 MD5Sum:6c3c83fba04c407f5ef717f7dfcbf20d
'http://mirrors.aliyun.com/ubuntu/pool/universe/j/javatools/jarwrapper_0.78_all.deb' jarwrapper_0.78_all.deb 10836 MD5Sum:7399439bec5e80e1449ad2562ba51c13
'http://mirrors.aliyun.com/ubuntu/pool/universe/libh/libhamcrest-java/libhamcrest-java_1.3-9_all.deb' libhamcrest-java_1.3-9_all.deb 385704 MD5Sum:fe3b786970ea1d6f79cf5a65bcb1fa69
'http://mirrors.aliyun.com/ubuntu/pool/universe/j/junit4/junit4_4.13.2-1_all.deb' junit4_4.13.2-1_all.deb 344228 MD5Sum:5b29baab3da98d9dfecaf7bd13b1f2fb
'http://mirrors.aliyun.com/ubuntu/pool/universe/j/java-wrappers/java-wrappers_0.3_all.deb' java-wrappers_0.3_all.deb 9560 MD5Sum:dd153b5cfcc86ac3085077e37557ed56
'http://mirrors.aliyun.com/ubuntu/pool/universe/libj/libjaxp1.3-java/libjaxp1.3-java_1.3.05-6_all.deb' libjaxp1.3-java_1.3.05-6_all.deb 226892 MD5Sum:165a149c3d1cc81889207dea999a2f8e
'http://mirrors.aliyun.com/ubuntu/pool/universe/x/xml-commons-external/libxml-commons-external-java_1.4.01-5_all.deb' libxml-commons-external-java_1.4.01-5_all.deb 240480 MD5Sum:e893cbeff3df08df068f001af88e5b76
'http://mirrors.aliyun.com/ubuntu/pool/universe/libx/libxml-commons-resolver1.1-java/libxml-commons-resolver1.1-java_1.2-11_all.deb' libxml-commons-resolver1.1-java_1.2-11_all.deb 97608 MD5Sum:9752cc3373359f5485bd4c8945235f12
'http://mirrors.aliyun.com/ubuntu/pool/universe/libx/libxerces2-java/libxerces2-java_2.12.1-1_all.deb' libxerces2-java_2.12.1-1_all.deb 1437136 MD5Sum:78603d54839d2cc91c9d18b51865c5ed
'http://mirrors.aliyun.com/ubuntu/pool/universe/libx/libxalan2-java/libxalan2-java_2.7.2-4_all.deb' libxalan2-java_2.7.2-4_all.deb 3416116 MD5Sum:bfabde610ef01bfe1d128dfc92eba9a7
'http://mirrors.aliyun.com/ubuntu/pool/universe/a/apache-pom/libapache-pom-java_18-1_all.deb' libapache-pom-java_18-1_all.deb 4720 MD5Sum:6f8f075abd1073aa33dabe67ef7f692e
'http://mirrors.aliyun.com/ubuntu/pool/universe/c/commons-parent/libcommons-parent-java_43-1_all.deb' libcommons-parent-java_43-1_all.deb 10832 MD5Sum:af129b467b5671aed867f131242fffae
'http://mirrors.aliyun.com/ubuntu/pool/universe/c/commons-io/libcommons-io-java_2.11.0-2_all.deb' libcommons-io-java_2.11.0-2_all.deb 297288 MD5Sum:d2620d76719d94a5be353aa5cbe00b25
'http://mirrors.aliyun.com/ubuntu/pool/universe/libc/libcommons-logging-java/libcommons-logging-java_1.2-2_all.deb' libcommons-logging-java_1.2-2_all.deb 60320 MD5Sum:0c8f2e6c167194e947f8966e0c03b259
'http://mirrors.aliyun.com/ubuntu/pool/universe/x/xmlgraphics-commons/libxmlgraphics-commons-java_2.6-1_all.deb' libxmlgraphics-commons-java_2.6-1_all.deb 611862 MD5Sum:b54246b49eeb54ceabbfe12c9c5c433d
'http://mirrors.aliyun.com/ubuntu/pool/universe/b/batik/libbatik-java_1.14-1ubuntu0.2_all.deb' libbatik-java_1.14-1ubuntu0.2_all.deb 3866372 MD5Sum:dd5b6d84ecb6d45efc53cb9e680ac90e
'http://mirrors.aliyun.com/ubuntu/pool/universe/libc/libcommons-cli-java/libcommons-cli-java_1.4-2_all.deb' libcommons-cli-java_1.4-2_all.deb 55804 MD5Sum:459f055e5a393434379b629fd5a22a37
'http://mirrors.aliyun.com/ubuntu/pool/universe/j/jericho-html/libjericho-html-java_3.2-2_all.deb' libjericho-html-java_3.2-2_all.deb 185304 MD5Sum:59250aafbc91726fc0d467fb292ec47b
'http://mirrors.aliyun.com/ubuntu/pool/universe/d/ditaa/ditaa_0.10%2bds1-1.2_all.deb' ditaa_0.10+ds1-1.2_all.deb 128576 MD5Sum:7e55f8ecfd0993f62254c7337bec9ca4
'http://mirrors.aliyun.com/ubuntu/pool/main/f/fonts-urw-base35/fonts-urw-base35_20200910-1_all.deb' fonts-urw-base35_20200910-1_all.deb 6367248 MD5Sum:44c01bda5f0218c30a6b1aa33c7a520f
'http://mirrors.aliyun.com/ubuntu/pool/main/g/ghostscript/libgs9-common_9.55.0%7edfsg1-0ubuntu5.13_all.deb' libgs9-common_9.55.0~dfsg1-0ubuntu5.13_all.deb 752886 MD5Sum:b30c2085a88b59207e173eba309d9d2a
'http://mirrors.aliyun.com/ubuntu/pool/main/libi/libidn/libidn12_1.38-4ubuntu1_amd64.deb' libidn12_1.38-4ubuntu1_amd64.deb 60020 MD5Sum:a00bdefc7c15d0101cef83e456f5f396
'http://mirrors.aliyun.com/ubuntu/pool/main/i/ijs/libijs-0.35_0.35-15build2_amd64.deb' libijs-0.35_0.35-15build2_amd64.deb 16546 MD5Sum:940a12b396da1e9dc28a740bf9228b25
'http://mirrors.aliyun.com/ubuntu/pool/main/j/jbig2dec/libjbig2dec0_0.19-3build2_amd64.deb' libjbig2dec0_0.19-3build2_amd64.deb 64716 MD5Sum:67cc37f438e315b92f55e9b3087235fd
'http://mirrors.aliyun.com/ubuntu/pool/main/o/openjpeg2/libopenjp2-7_2.4.0-6ubuntu0.4_amd64.deb' libopenjp2-7_2.4.0-6ubuntu0.4_amd64.deb 157718 MD5Sum:ad69cb94ab99e3c2c2987e5f98f5f4e6
'http://mirrors.aliyun.com/ubuntu/pool/main/libp/libpaper/libpaper1_1.1.28build2_amd64.deb' libpaper1_1.1.28build2_amd64.deb 13800 MD5Sum:c2261f0653d97c85e163a3d7f558e56c
'http://mirrors.aliyun.com/ubuntu/pool/main/g/ghostscript/libgs9_9.55.0%7edfsg1-0ubuntu5.13_amd64.deb' libgs9_9.55.0~dfsg1-0ubuntu5.13_amd64.deb 5031874 MD5Sum:13145482e8de320c58905292b7eaeda8
'http://mirrors.aliyun.com/ubuntu/pool/main/t/texlive-bin/libkpathsea6_2021.20210626.59705-1ubuntu0.3_amd64.deb' libkpathsea6_2021.20210626.59705-1ubuntu0.3_amd64.deb 60580 MD5Sum:5b2ae6591463e7270ff2cee194acc7cd
'http://mirrors.aliyun.com/ubuntu/pool/main/w/woff2/libwoff1_1.0.2-1build4_amd64.deb' libwoff1_1.0.2-1build4_amd64.deb 45192 MD5Sum:23e33e736ce06359e7aa1ca60d13eb6b
'http://mirrors.aliyun.com/ubuntu/pool/universe/d/dvisvgm/dvisvgm_2.13.1-1_amd64.deb' dvisvgm_2.13.1-1_amd64.deb 1220748 MD5Sum:91ef0518336836c4c4e182250887e5d4
'http://mirrors.aliyun.com/ubuntu/pool/universe/f/fonts-arphic-gbsn00lp/fonts-arphic-gbsn00lp_2.11-16_all.deb' fonts-arphic-gbsn00lp_2.11-16_all.deb 1723644 MD5Sum:6554a4b32d94bda8cdda86833124efdb
'http://mirrors.aliyun.com/ubuntu/pool/universe/f/fonts-arphic-gkai00mp/fonts-arphic-gkai00mp_2.11-16_all.deb' fonts-arphic-gkai00mp_2.11-16_all.deb 2291548 MD5Sum:6572b6552472f810ca94d20402a2b8c9
'http://mirrors.aliyun.com/ubuntu/pool/main/f/fonts-arphic-ukai/fonts-arphic-ukai_0.2.20080216.2-5_all.deb' fonts-arphic-ukai_0.2.20080216.2-5_all.deb 8373120 MD5Sum:20a8922f57b3ad30d4c3606290e47ad9
'http://mirrors.aliyun.com/ubuntu/pool/universe/f/fonts-baekmuk/fonts-baekmuk_2.2-13_all.deb' fonts-baekmuk_2.2-13_all.deb 8763640 MD5Sum:2b078e7395153e4b38c6ab413b0b8f46
'http://mirrors.aliyun.com/ubuntu/pool/main/f/fonts-dejavu/fonts-dejavu-extra_2.37-2build1_all.deb' fonts-dejavu-extra_2.37-2build1_all.deb 2040684 MD5Sum:126e683e65572c225208c50b66aaefd5
'http://mirrors.aliyun.com/ubuntu/pool/universe/f/fonts-ipaexfont/fonts-ipaexfont-gothic_00401-3ubuntu1_all.deb' fonts-ipaexfont-gothic_00401-3ubuntu1_all.deb 3341376 MD5Sum:d9243ec1a4c38231f9867e2fa29efbfe
'http://mirrors.aliyun.com/ubuntu/pool/universe/f/fonts-ipaexfont/fonts-ipaexfont-mincho_00401-3ubuntu1_all.deb' fonts-ipaexfont-mincho_00401-3ubuntu1_all.deb 4604444 MD5Sum:eee58509bfe4d7e854143d50be79efd5
'http://mirrors.aliyun.com/ubuntu/pool/main/f/fonts-liberation/fonts-liberation_1.07.4-11_all.deb' fonts-liberation_1%3a1.07.4-11_all.deb 821564 MD5Sum:673798640385f8a0951b1807f412965a
'http://mirrors.aliyun.com/ubuntu/pool/universe/l/lmodern/fonts-lmodern_2.004.5-6.1_all.deb' fonts-lmodern_2.004.5-6.1_all.deb 4532156 MD5Sum:1fa223266dc08eda1e28ad5919f82159
'http://mirrors.aliyun.com/ubuntu/pool/main/f/fonts-noto/fonts-noto-mono_20201225-1build1_all.deb' fonts-noto-mono_20201225-1build1_all.deb 397188 MD5Sum:54a7436b432b536c22ef213a6bc88bdb
'http://mirrors.aliyun.com/ubuntu/pool/main/f/fonts-sil-padauk/fonts-sil-padauk_5.000-3_all.deb' fonts-sil-padauk_5.000-3_all.deb 1439078 MD5Sum:8a8a23f093463f79960f614cf3243405
'http://mirrors.aliyun.com/ubuntu/pool/universe/t/tex-gyre/fonts-texgyre_20180621-3.1_all.deb' fonts-texgyre_20180621-3.1_all.deb 10211744 MD5Sum:2014c9e45bdf9727e283b899a38e9d4e
'http://mirrors.aliyun.com/ubuntu/pool/universe/f/fonts-tlwg/fonts-tlwg-garuda-otf_0.7.3-1_all.deb' fonts-tlwg-garuda-otf_1%3a0.7.3-1_all.deb 113446 MD5Sum:bd2bd98160ce0fcfa9dcaf5ba5e74eb0
'http://mirrors.aliyun.com/ubuntu/pool/main/f/fonts-tlwg/fonts-tlwg-garuda_0.7.3-1_all.deb' fonts-tlwg-garuda_1%3a0.7.3-1_all.deb 4360 MD5Sum:a0bcd7bc2c3dbdb918102ed6d4e5d7c1
'http://mirrors.aliyun.com/ubuntu/pool/universe/f/fonts-tlwg/fonts-tlwg-kinnari-otf_0.7.3-1_all.deb' fonts-tlwg-kinnari-otf_1%3a0.7.3-1_all.deb 186600 MD5Sum:ae08e21d9bf8966f8ac71ca86116c651
'http://mirrors.aliyun.com/ubuntu/pool/main/f/fonts-tlwg/fonts-tlwg-kinnari_0.7.3-1_all.deb' fonts-tlwg-kinnari_1%3a0.7.3-1_all.deb 4362 MD5Sum:20891b37b75a4eaddcbff11765535af8
'http://mirrors.aliyun.com/ubuntu/pool/universe/f/fonts-tlwg/fonts-tlwg-laksaman-otf_0.7.3-1_all.deb' fonts-tlwg-laksaman-otf_1%3a0.7.3-1_all.deb 138732 MD5Sum:b9e62535969af2af6f42558e2fda8b7f
'http://mirrors.aliyun.com/ubuntu/pool/main/f/fonts-tlwg/fonts-tlwg-laksaman_0.7.3-1_all.deb' fonts-tlwg-laksaman_1%3a0.7.3-1_all.deb 4346 MD5Sum:8a191a30dbdcde32be61623059dbd5eb
'http://mirrors.aliyun.com/ubuntu/pool/universe/f/fonts-tlwg/fonts-tlwg-loma-otf_0.7.3-1_all.deb' fonts-tlwg-loma-otf_1%3a0.7.3-1_all.deb 106786 MD5Sum:89b3ba8a40532ddf97a49c6d402f7054
'http://mirrors.aliyun.com/ubuntu/pool/main/f/fonts-tlwg/fonts-tlwg-loma_0.7.3-1_all.deb' fonts-tlwg-loma_1%3a0.7.3-1_all.deb 4102 MD5Sum:dfc40ffcd01f43749c311fe33613fa23
'http://mirrors.aliyun.com/ubuntu/pool/universe/f/fonts-tlwg/fonts-tlwg-mono-otf_0.7.3-1_all.deb' fonts-tlwg-mono-otf_1%3a0.7.3-1_all.deb 100582 MD5Sum:3c23ff9239e63bdf60956769426ffd84
'http://mirrors.aliyun.com/ubuntu/pool/main/f/fonts-tlwg/fonts-tlwg-mono_0.7.3-1_all.deb' fonts-tlwg-mono_1%3a0.7.3-1_all.deb 4072 MD5Sum:33b019a30b45042eda028d0bfb97fa03
'http://mirrors.aliyun.com/ubuntu/pool/universe/f/fonts-tlwg/fonts-tlwg-norasi-otf_0.7.3-1_all.deb' fonts-tlwg-norasi-otf_1%3a0.7.3-1_all.deb 219304 MD5Sum:e31af8f43d8d746872d7c31c4101c96c
'http://mirrors.aliyun.com/ubuntu/pool/main/f/fonts-tlwg/fonts-tlwg-norasi_0.7.3-1_all.deb' fonts-tlwg-norasi_1%3a0.7.3-1_all.deb 4082 MD5Sum:6369301ce0d327613f434bc01552d285
'http://mirrors.aliyun.com/ubuntu/pool/universe/f/fonts-tlwg/fonts-tlwg-purisa-otf_0.7.3-1_all.deb' fonts-tlwg-purisa-otf_1%3a0.7.3-1_all.deb 207634 MD5Sum:6146d0a0a9244b60b8cd2b84885f792f
'http://mirrors.aliyun.com/ubuntu/pool/main/f/fonts-tlwg/fonts-tlwg-purisa_0.7.3-1_all.deb' fonts-tlwg-purisa_1%3a0.7.3-1_all.deb 3556 MD5Sum:3f95ad72b8bfb4f371f250b1e858f303
'http://mirrors.aliyun.com/ubuntu/pool/universe/f/fonts-tlwg/fonts-tlwg-sawasdee-otf_0.7.3-1_all.deb' fonts-tlwg-sawasdee-otf_1%3a0.7.3-1_all.deb 100890 MD5Sum:2054885bda71a7803f82aa120cde81ba
'http://mirrors.aliyun.com/ubuntu/pool/main/f/fonts-tlwg/fonts-tlwg-sawasdee_0.7.3-1_all.deb' fonts-tlwg-sawasdee_1%3a0.7.3-1_all.deb 3574 MD5Sum:16e3bbc971fc41e3af473c19ae805449
'http://mirrors.aliyun.com/ubuntu/pool/universe/f/fonts-tlwg/fonts-tlwg-typewriter-otf_0.7.3-1_all.deb' fonts-tlwg-typewriter-otf_1%3a0.7.3-1_all.deb 105334 MD5Sum:60a38662459104c7a9215328559a7e7b
'http://mirrors.aliyun.com/ubuntu/pool/main/f/fonts-tlwg/fonts-tlwg-typewriter_0.7.3-1_all.deb' fonts-tlwg-typewriter_1%3a0.7.3-1_all.deb 3630 MD5Sum:4a07c23be565906bee9f1d4ea19c2137
'http://mirrors.aliyun.com/ubuntu/pool/universe/f/fonts-tlwg/fonts-tlwg-typist-otf_0.7.3-1_all.deb' fonts-tlwg-typist-otf_1%3a0.7.3-1_all.deb 108316 MD5Sum:182c66a2fcaca975b5a2a419661b702c
'http://mirrors.aliyun.com/ubuntu/pool/main/f/fonts-tlwg/fonts-tlwg-typist_0.7.3-1_all.deb' fonts-tlwg-typist_1%3a0.7.3-1_all.deb 4066 MD5Sum:9e5a6738e45ec294818c9095e6c7dd7b
'http://mirrors.aliyun.com/ubuntu/pool/universe/f/fonts-tlwg/fonts-tlwg-typo-otf_0.7.3-1_all.deb' fonts-tlwg-typo-otf_1%3a0.7.3-1_all.deb 108586 MD5Sum:8db208e1487e5b52d06613dbb1cd7211
'http://mirrors.aliyun.com/ubuntu/pool/main/f/fonts-tlwg/fonts-tlwg-typo_0.7.3-1_all.deb' fonts-tlwg-typo_1%3a0.7.3-1_all.deb 4106 MD5Sum:86b11e2d1e878197b93eb747e1f211b5
'http://mirrors.aliyun.com/ubuntu/pool/universe/f/fonts-tlwg/fonts-tlwg-umpush-otf_0.7.3-1_all.deb' fonts-tlwg-umpush-otf_1%3a0.7.3-1_all.deb 146004 MD5Sum:164997c6402749f0963ecebab898b67b
'http://mirrors.aliyun.com/ubuntu/pool/main/f/fonts-tlwg/fonts-tlwg-umpush_0.7.3-1_all.deb' fonts-tlwg-umpush_1%3a0.7.3-1_all.deb 4340 MD5Sum:82ee64d9d747b41a3ec12bba298d0aaf
'http://mirrors.aliyun.com/ubuntu/pool/universe/f/fonts-tlwg/fonts-tlwg-waree-otf_0.7.3-1_all.deb' fonts-tlwg-waree-otf_1%3a0.7.3-1_all.deb 117410 MD5Sum:1e9033962db8d02562e17922a8353e47
'http://mirrors.aliyun.com/ubuntu/pool/main/f/fonts-tlwg/fonts-tlwg-waree_0.7.3-1_all.deb' fonts-tlwg-waree_1%3a0.7.3-1_all.deb 4092 MD5Sum:e89a764b11f836cc1433e767eea28f84
'http://mirrors.aliyun.com/ubuntu/pool/universe/f/fonts-wqy-microhei/fonts-wqy-microhei_0.2.0-beta-3.1_all.deb' fonts-wqy-microhei_0.2.0-beta-3.1_all.deb 1606960 MD5Sum:3446fe16c06b1dab3f54844da033e1ff
'http://mirrors.aliyun.com/ubuntu/pool/universe/f/fonts-wqy-zenhei/fonts-wqy-zenhei_0.9.45-8_all.deb' fonts-wqy-zenhei_0.9.45-8_all.deb 7471624 MD5Sum:63fcb8701d2a908e8e00842dbb317037
'http://mirrors.aliyun.com/ubuntu/pool/main/g/ghostscript/ghostscript_9.55.0%7edfsg1-0ubuntu5.13_amd64.deb' ghostscript_9.55.0~dfsg1-0ubuntu5.13_amd64.deb 49442 MD5Sum:79f7a0abe884bdbb5ba63a0c6b6cbf59
'http://mirrors.aliyun.com/ubuntu/pool/universe/a/ann/libann0_1.1.2%2bdoc-7build1_amd64.deb' libann0_1.1.2+doc-7build1_amd64.deb 25956 MD5Sum:c1a5d396a8a5ab449d227eb97b8f4bd4
'http://mirrors.aliyun.com/ubuntu/pool/universe/g/graphviz/libcdt5_2.42.2-6ubuntu0.1_amd64.deb' libcdt5_2.42.2-6ubuntu0.1_amd64.deb 21062 MD5Sum:f7caeebf44d4876f228e3050f24443ac
'http://mirrors.aliyun.com/ubuntu/pool/universe/g/graphviz/libcgraph6_2.42.2-6ubuntu0.1_amd64.deb' libcgraph6_2.42.2-6ubuntu0.1_amd64.deb 45432 MD5Sum:b504846753d7a592a10ed21582bc929a
'http://mirrors.aliyun.com/ubuntu/pool/universe/g/gts/libgts-0.7-5_0.7.6%2bdarcs121130-5_amd64.deb' libgts-0.7-5_0.7.6+darcs121130-5_amd64.deb 164208 MD5Sum:a475ca34e21123f97d7658d60a32c8cf
'http://mirrors.aliyun.com/ubuntu/pool/universe/g/graphviz/libpathplan4_2.42.2-6ubuntu0.1_amd64.deb' libpathplan4_2.42.2-6ubuntu0.1_amd64.deb 23408 MD5Sum:92a466b9a72b21d3194264d21cb0a5ff
'http://mirrors.aliyun.com/ubuntu/pool/universe/g/graphviz/libgvc6_2.42.2-6ubuntu0.1_amd64.deb' libgvc6_2.42.2-6ubuntu0.1_amd64.deb 723860 MD5Sum:5ecf0adb151cd6638c229946ec729eef
'http://mirrors.aliyun.com/ubuntu/pool/universe/g/graphviz/libgvpr2_2.42.2-6ubuntu0.1_amd64.deb' libgvpr2_2.42.2-6ubuntu0.1_amd64.deb 191730 MD5Sum:9787eda553e70eb448532db6b06ff514
'http://mirrors.aliyun.com/ubuntu/pool/universe/g/graphviz/liblab-gamut1_2.42.2-6ubuntu0.1_amd64.deb' liblab-gamut1_2.42.2-6ubuntu0.1_amd64.deb 1965314 MD5Sum:d8d1fffe063fdb049614fd91d5bc84d4
'http://mirrors.aliyun.com/ubuntu/pool/universe/g/graphviz/graphviz_2.42.2-6ubuntu0.1_amd64.deb' graphviz_2.42.2-6ubuntu0.1_amd64.deb 652742 MD5Sum:484e8e6e5c6ca6023eee31448121767f
'http://mirrors.aliyun.com/ubuntu/pool/main/i/icc-profiles-free/icc-profiles-free_2.0.1%2bdfsg-1.1_all.deb' icc-profiles-free_2.0.1+dfsg-1.1_all.deb 214380 MD5Sum:03d05b314943f889b48416c08faaac10
'http://mirrors.aliyun.com/ubuntu/pool/main/libp/libpaper/libpaper-utils_1.1.28build2_amd64.deb' libpaper-utils_1.1.28build2_amd64.deb 8674 MD5Sum:f0df59b904d826910fe0e1f120a63ba0
'http://mirrors.aliyun.com/ubuntu/pool/main/t/texlive-bin/libptexenc1_2021.20210626.59705-1ubuntu0.3_amd64.deb' libptexenc1_2021.20210626.59705-1ubuntu0.3_amd64.deb 39130 MD5Sum:64dd0259ed5e14e0fc5d0de619e271cc
'http://mirrors.aliyun.com/ubuntu/pool/main/t/texlive-bin/libsynctex2_2021.20210626.59705-1ubuntu0.3_amd64.deb' libsynctex2_2021.20210626.59705-1ubuntu0.3_amd64.deb 55756 MD5Sum:ff8f1e00448b3712b65dea756feeb4cf
'http://mirrors.aliyun.com/ubuntu/pool/main/t/texlive-bin/libtexlua53_2021.20210626.59705-1ubuntu0.3_amd64.deb' libtexlua53_2021.20210626.59705-1ubuntu0.3_amd64.deb 120266 MD5Sum:3d1f49080d35f45f4c315d65b8e799ea
'http://mirrors.aliyun.com/ubuntu/pool/main/t/texlive-bin/libtexluajit2_2021.20210626.59705-1ubuntu0.3_amd64.deb' libtexluajit2_2021.20210626.59705-1ubuntu0.3_amd64.deb 267404 MD5Sum:56b63e2b093d9a16b5cb6807165c5217
'http://mirrors.aliyun.com/ubuntu/pool/main/t/t1utils/t1utils_1.41-4build2_amd64.deb' t1utils_1.41-4build2_amd64.deb 61262 MD5Sum:0ee39c5909252849a9e6e073e049602d
'http://mirrors.aliyun.com/ubuntu/pool/universe/t/teckit/libteckit0_2.5.11%2bds1-1_amd64.deb' libteckit0_2.5.11+ds1-1_amd64.deb 421364 MD5Sum:bbbe83da0aa7868231af1d20d03ea902
'http://mirrors.aliyun.com/ubuntu/pool/universe/z/zziplib/libzzip-0-13_0.13.72%2bdfsg.1-1.1_amd64.deb' libzzip-0-13_0.13.72+dfsg.1-1.1_amd64.deb 26964 MD5Sum:ae88aa7f1b57e1fdc2437593f5a73de4
'http://mirrors.aliyun.com/ubuntu/pool/universe/t/texlive-bin/texlive-binaries_2021.20210626.59705-1ubuntu0.3_amd64.deb' texlive-binaries_2021.20210626.59705-1ubuntu0.3_amd64.deb 9861036 MD5Sum:822edfa6282a455624dc36945a1c69af
'http://mirrors.aliyun.com/ubuntu/pool/main/x/xdg-utils/xdg-utils_1.1.3-4.1ubuntu3%7e22.04.1_all.deb' xdg-utils_1.1.3-4.1ubuntu3~22.04.1_all.deb 61938 MD5Sum:93b8b2cd6c846eb9e44df8928f2266da
'http://mirrors.aliyun.com/ubuntu/pool/universe/t/texlive-base/texlive-base_2021.20220204-1_all.deb' texlive-base_2021.20220204-1_all.deb 21023012 MD5Sum:3a54d60f26b4b48d25c3076b097dddaf
'http://mirrors.aliyun.com/ubuntu/pool/universe/t/texlive-base/texlive-latex-base_2021.20220204-1_all.deb' texlive-latex-base_2021.20220204-1_all.deb 1128292 MD5Sum:987affe8d359f6901e847fca9af35b86
'http://mirrors.aliyun.com/ubuntu/pool/universe/t/texlive-extra/texlive-font-utils_2021.20220204-1_all.deb' texlive-font-utils_2021.20220204-1_all.deb 4097480 MD5Sum:f3023167b5143d5630675152dcff0083
'http://mirrors.aliyun.com/ubuntu/pool/universe/c/cjk/latex-cjk-common_4.8.4%2bgit20170127-4_amd64.deb' latex-cjk-common_4.8.4+git20170127-4_amd64.deb 206154 MD5Sum:25cab5a13e7feec66824c5a341e659eb
'http://mirrors.aliyun.com/ubuntu/pool/universe/c/cjk/latex-cjk-chinese_4.8.4%2bgit20170127-4_amd64.deb' latex-cjk-chinese_4.8.4+git20170127-4_amd64.deb 58538 MD5Sum:86e25ce0c057cb300ac4a812165bee2a
'http://mirrors.aliyun.com/ubuntu/pool/universe/c/cjk/latex-cjk-japanese_4.8.4%2bgit20170127-4_amd64.deb' latex-cjk-japanese_4.8.4+git20170127-4_amd64.deb 37100 MD5Sum:2f86147f857e2e89cee97adb002d6a07
'http://mirrors.aliyun.com/ubuntu/pool/universe/c/cjk/latex-cjk-korean_4.8.4%2bgit20170127-4_all.deb' latex-cjk-korean_4.8.4+git20170127-4_all.deb 16670 MD5Sum:020a9efb7b12a33ee7b9f15044b3cd19
'http://mirrors.aliyun.com/ubuntu/pool/universe/t/texlive-lang/texlive-lang-other_2021.20220204-1_all.deb' texlive-lang-other_2021.20220204-1_all.deb 33900116 MD5Sum:02c8e048be3a1cde7e2e01b687740777
'http://mirrors.aliyun.com/ubuntu/pool/universe/c/cjk/latex-cjk-thai_4.8.4%2bgit20170127-4_all.deb' latex-cjk-thai_4.8.4+git20170127-4_all.deb 75972 MD5Sum:fc8db1c194cd19b33a7cb086aacf9191
'http://mirrors.aliyun.com/ubuntu/pool/universe/l/latex-cjk-chinese-arphic/latex-cjk-chinese-arphic-bsmi00lp_1.23%2bnmu1_all.deb' latex-cjk-chinese-arphic-bsmi00lp_1.23+nmu1_all.deb 15134580 MD5Sum:3642d6cdf387af8ac4ee1c17ebed4ddf
'http://mirrors.aliyun.com/ubuntu/pool/universe/l/latex-cjk-chinese-arphic/latex-cjk-chinese-arphic-bkai00mp_1.23%2bnmu1_all.deb' latex-cjk-chinese-arphic-bkai00mp_1.23+nmu1_all.deb 16088188 MD5Sum:4a3e5f35bf2b60860a67600444f2c366
'http://mirrors.aliyun.com/ubuntu/pool/universe/l/latex-cjk-chinese-arphic/latex-cjk-chinese-arphic-gbsn00lp_1.23%2bnmu1_all.deb' latex-cjk-chinese-arphic-gbsn00lp_1.23+nmu1_all.deb 6661908 MD5Sum:86e4c79a2075c8849e1442075e996b5f
'http://mirrors.aliyun.com/ubuntu/pool/universe/l/latex-cjk-chinese-arphic/latex-cjk-chinese-arphic-gkai00mp_1.23%2bnmu1_all.deb' latex-cjk-chinese-arphic-gkai00mp_1.23+nmu1_all.deb 7381888 MD5Sum:e21d2297e19ad659cb0bd6477b824109
'http://mirrors.aliyun.com/ubuntu/pool/universe/l/latex-cjk-japanese-wadalab/latex-cjk-japanese-wadalab_0.20050817-17.1_all.deb' latex-cjk-japanese-wadalab_0.20050817-17.1_all.deb 17758964 MD5Sum:e3c9c97b3a66e8a00b2c25755df354c6
'http://mirrors.aliyun.com/ubuntu/pool/universe/c/cjk/latex-cjk-all_4.8.4%2bgit20170127-4_all.deb' latex-cjk-all_4.8.4+git20170127-4_all.deb 930 MD5Sum:3c2cea05a32b0fb237a80b2512e5ca07
'http://mirrors.aliyun.com/ubuntu/pool/main/libd/libdbusmenu/libdbusmenu-glib4_16.04.1%2b18.10.20180917-0ubuntu8_amd64.deb' libdbusmenu-glib4_16.04.1+18.10.20180917-0ubuntu8_amd64.deb 45412 MD5Sum:b2abf792049246037b815e4a2aad560a
'http://mirrors.aliyun.com/ubuntu/pool/main/libd/libdbusmenu/libdbusmenu-gtk3-4_16.04.1%2b18.10.20180917-0ubuntu8_amd64.deb' libdbusmenu-gtk3-4_16.04.1+18.10.20180917-0ubuntu8_amd64.deb 31026 MD5Sum:3c0f7b939c3a1c70420a6cf965455dff
'http://mirrors.aliyun.com/ubuntu/pool/universe/liba/libappindicator/libappindicator3-1_12.10.1%2b20.10.20200706.1-0ubuntu1_amd64.deb' libappindicator3-1_12.10.1+20.10.20200706.1-0ubuntu1_amd64.deb 23160 MD5Sum:098a40b941c402afced4237e0cbbc099
'http://mirrors.aliyun.com/ubuntu/pool/main/j/java-atk-wrapper/libatk-wrapper-java_0.38.0-5build1_all.deb' libatk-wrapper-java_0.38.0-5build1_all.deb 53112 MD5Sum:c1cd8d23319556520e7d12b456445bae
'http://mirrors.aliyun.com/ubuntu/pool/main/j/java-atk-wrapper/libatk-wrapper-java-jni_0.38.0-5build1_amd64.deb' libatk-wrapper-java-jni_0.38.0-5build1_amd64.deb 49040 MD5Sum:8dfd05b0970f9f402ae13d9477eb7962
'http://mirrors.aliyun.com/ubuntu/pool/universe/a/avalon-framework/libavalon-framework-java_4.2.0-10_all.deb' libavalon-framework-java_4.2.0-10_all.deb 71340 MD5Sum:a058dca6a34977a3e53e913a510e1cc2
'http://mirrors.aliyun.com/ubuntu/pool/universe/c/cmark-gfm/libcmark-gfm0.29.0.gfm.3_0.29.0.gfm.3-3_amd64.deb' libcmark-gfm0.29.0.gfm.3_0.29.0.gfm.3-3_amd64.deb 115086 MD5Sum:fe5890f5d7151c5201e4d7f4408c6f6b
'http://mirrors.aliyun.com/ubuntu/pool/universe/c/cmark-gfm/libcmark-gfm-extensions0.29.0.gfm.3_0.29.0.gfm.3-3_amd64.deb' libcmark-gfm-extensions0.29.0.gfm.3_0.29.0.gfm.3-3_amd64.deb 25086 MD5Sum:7dfc67eeec4072b73ffda585b2ebaf95
'http://mirrors.aliyun.com/ubuntu/pool/main/libi/libipc-system-simple-perl/libipc-system-simple-perl_1.30-1_all.deb' libipc-system-simple-perl_1.30-1_all.deb 23160 MD5Sum:413e0113f160f2328b4c4cab880be696
'http://mirrors.aliyun.com/ubuntu/pool/main/libf/libfile-basedir-perl/libfile-basedir-perl_0.09-1_all.deb' libfile-basedir-perl_0.09-1_all.deb 15738 MD5Sum:074f7e4f7f1d8d7d03a166a07e04379f
'http://mirrors.aliyun.com/ubuntu/pool/main/libf/libfile-desktopentry-perl/libfile-desktopentry-perl_0.22-2_all.deb' libfile-desktopentry-perl_0.22-2_all.deb 17760 MD5Sum:963a46e5894c7b810da054c6f8c7d2e5
'http://mirrors.aliyun.com/ubuntu/pool/main/libf/libfile-mimeinfo-perl/libfile-mimeinfo-perl_0.31-1_all.deb' libfile-mimeinfo-perl_0.31-1_all.deb 43494 MD5Sum:c33494e418e9ee2966d38ba149c3d781
'http://mirrors.aliyun.com/ubuntu/pool/universe/libp/libpdfbox2-java/libfontbox2-java_2.0.25-1_all.deb' libfontbox2-java_2.0.25-1_all.deb 1501750 MD5Sum:61cf69e236b433ca6ad3178c1577bbfc
'http://mirrors.aliyun.com/ubuntu/pool/universe/q/qdox/libqdox-java_1.12.1-3_all.deb' libqdox-java_1.12.1-3_all.deb 171642 MD5Sum:65598224e1296b57796bdfe67d0f9651
'http://mirrors.aliyun.com/ubuntu/pool/universe/f/fop/libfop-java_2.6-2_all.deb' libfop-java_1%3a2.6-2_all.deb 10147570 MD5Sum:e4de328f42adab02a7fda4c84a151983
'http://mirrors.aliyun.com/ubuntu/pool/main/m/mesa/libgbm-dev_23.2.1-1ubuntu3.1%7e22.04.3_amd64.deb' libgbm-dev_23.2.1-1ubuntu3.1~22.04.3_amd64.deb 9542 MD5Sum:b1b11717b8ac605aee355fc6ff9d5343
'http://mirrors.aliyun.com/ubuntu/pool/universe/g/gts/libgts-bin_0.7.6%2bdarcs121130-5_amd64.deb' libgts-bin_0.7.6+darcs121130-5_amd64.deb 44328 MD5Sum:13bbcac48a2db7e04f49dd76c507036c
'http://mirrors.aliyun.com/ubuntu/pool/main/x/xorg-sgml-doctools/xorg-sgml-doctools_1.11-1.1_all.deb' xorg-sgml-doctools_1%3a1.11-1.1_all.deb 10936 MD5Sum:cd9ce4694a205d3d61711d88a256e3aa
'http://mirrors.aliyun.com/ubuntu/pool/main/x/xorgproto/x11proto-dev_2021.5-1_all.deb' x11proto-dev_2021.5-1_all.deb 604434 MD5Sum:c95ec431d446ae12645f4d7eaf9e70be
'http://mirrors.aliyun.com/ubuntu/pool/main/libi/libice/libice-dev_1.0.10-1build2_amd64.deb' libice-dev_2%3a1.0.10-1build2_amd64.deb 51352 MD5Sum:ac443f121d7effbf4291a3edbc37dc94
'http://mirrors.aliyun.com/ubuntu/pool/main/i/io-stringy/libio-stringy-perl_2.111-3_all.deb' libio-stringy-perl_2.111-3_all.deb 55756 MD5Sum:dbdf88f626f89c70510f3becf6031487
'http://mirrors.aliyun.com/ubuntu/pool/universe/libj/libjlatexmath-java/libjlatexmath-java_1.0.7-3_all.deb' libjlatexmath-java_1.0.7-3_all.deb 989912 MD5Sum:d9c554276711506d4e8eae2add7e9bae
'http://mirrors.aliyun.com/ubuntu/pool/main/libx/libxml-twig-perl/libxml-twig-perl_3.52-1_all.deb' libxml-twig-perl_1%3a3.52-1_all.deb 157256 MD5Sum:e46ea5df6f7f6a583c357d0bee23eb4e
'http://mirrors.aliyun.com/ubuntu/pool/main/libn/libnet-dbus-perl/libnet-dbus-perl_1.2.0-1build3_amd64.deb' libnet-dbus-perl_1.2.0-1build3_amd64.deb 180504 MD5Sum:205eb92436834972ac4724cec6b1435b
'http://mirrors.aliyun.com/ubuntu/pool/main/libp/libpthread-stubs/libpthread-stubs0-dev_0.4-1build2_amd64.deb' libpthread-stubs0-dev_0.4-1build2_amd64.deb 5516 MD5Sum:55cf1c1b500b4c86f1db0e10932871e5
'http://mirrors.aliyun.com/ubuntu/pool/universe/libr/librsvg/librsvg2-bin_2.52.5%2bdfsg-3ubuntu0.2_amd64.deb' librsvg2-bin_2.52.5+dfsg-3ubuntu0.2_amd64.deb 1871234 MD5Sum:442d1022a13386ce27ea6f5ab6344190
'http://mirrors.aliyun.com/ubuntu/pool/main/r/rubygems-integration/rubygems-integration_1.18_all.deb' rubygems-integration_1.18_all.deb 5336 MD5Sum:23f556530fa042ff99492238020e3ea1
'http://mirrors.aliyun.com/ubuntu/pool/main/r/ruby3.0/ruby3.0_3.0.2-7ubuntu2.11_amd64.deb' ruby3.0_3.0.2-7ubuntu2.11_amd64.deb 50142 MD5Sum:07aa826e4e8aff2d307749284fff304c
'http://mirrors.aliyun.com/ubuntu/pool/main/r/rubygems/ruby-rubygems_3.3.5-2ubuntu1.2_all.deb' ruby-rubygems_3.3.5-2ubuntu1.2_all.deb 228406 MD5Sum:feb52ec49bf3ac31241ebc37f811a8ca
'http://mirrors.aliyun.com/ubuntu/pool/main/r/ruby-defaults/ruby_3.0%7eexp1_amd64.deb' ruby_1%3a3.0~exp1_amd64.deb 5100 MD5Sum:daf35d7b5e1d59776df072f3a0cfc94d
'http://mirrors.aliyun.com/ubuntu/pool/main/r/rake/rake_13.0.6-2_all.deb' rake_13.0.6-2_all.deb 61698 MD5Sum:08ad22428cf1a04366524b4a8fac8764
'http://mirrors.aliyun.com/ubuntu/pool/main/r/ruby-net-telnet/ruby-net-telnet_0.1.1-2_all.deb' ruby-net-telnet_0.1.1-2_all.deb 12596 MD5Sum:5dc506e0a9946ee774694500c114f79a
'http://mirrors.aliyun.com/ubuntu/pool/main/r/ruby-webrick/ruby-webrick_1.7.0-3ubuntu0.2_all.deb' ruby-webrick_1.7.0-3ubuntu0.2_all.deb 52472 MD5Sum:7b8b80fde80085c4331c86518b3e28d3
'http://mirrors.aliyun.com/ubuntu/pool/main/r/ruby-xmlrpc/ruby-xmlrpc_0.3.2-1ubuntu0.1_all.deb' ruby-xmlrpc_0.3.2-1ubuntu0.1_all.deb 24860 MD5Sum:7e9dd24f0d87b7ecf7d1ce4eaf21020e
'http://mirrors.aliyun.com/ubuntu/pool/main/r/ruby3.0/libruby3.0_3.0.2-7ubuntu2.11_amd64.deb' libruby3.0_3.0.2-7ubuntu2.11_amd64.deb 5113718 MD5Sum:3310a31f0e0ea32a4c5475793efa61ec
'http://mirrors.aliyun.com/ubuntu/pool/universe/libs/libsaxon-java/libsaxon-java_6.5.5-12_all.deb' libsaxon-java_1%3a6.5.5-12_all.deb 574040 MD5Sum:62fc72115a023699a550981fb528c131
'http://mirrors.aliyun.com/ubuntu/pool/main/libs/libsm/libsm-dev_1.2.3-1build2_amd64.deb' libsm-dev_2%3a1.2.3-1build2_amd64.deb 18116 MD5Sum:fc4491c190573831f6e0e649f589a215
'http://mirrors.aliyun.com/ubuntu/pool/main/libt/libtie-ixhash-perl/libtie-ixhash-perl_1.23-2.1_all.deb' libtie-ixhash-perl_1.23-2.1_all.deb 11340 MD5Sum:09d07e8634e7ab0aa0b6a8f36aa913a3
'http://mirrors.aliyun.com/ubuntu/pool/main/t/tk8.6/libtk8.6_8.6.12-1build1_amd64.deb' libtk8.6_8.6.12-1build1_amd64.deb 783834 MD5Sum:0b77eaf674cddbcf4be3ae5daf33a5da
'http://mirrors.aliyun.com/ubuntu/pool/main/libx/libxau/libxau-dev_1.0.9-1build5_amd64.deb' libxau-dev_1%3a1.0.9-1build5_amd64.deb 9724 MD5Sum:0d63d9d31bfa02d1a2bf9fa6db2c0c84
'http://mirrors.aliyun.com/ubuntu/pool/main/libx/libxdmcp/libxdmcp-dev_1.1.3-0ubuntu5_amd64.deb' libxdmcp-dev_1%3a1.1.3-0ubuntu5_amd64.deb 26506 MD5Sum:43acf78facb4427170071f446e0c89b3
'http://mirrors.aliyun.com/ubuntu/pool/main/x/xtrans/xtrans-dev_1.4.0-1_all.deb' xtrans-dev_1.4.0-1_all.deb 68900 MD5Sum:5411362f7caeccc1185750f3a1a508ee
'http://mirrors.aliyun.com/ubuntu/pool/main/libx/libxcb/libxcb1-dev_1.14-3ubuntu3_amd64.deb' libxcb1-dev_1.14-3ubuntu3_amd64.deb 86470 MD5Sum:ac93b7473564c8289fe804292195e658
'http://mirrors.aliyun.com/ubuntu/pool/main/libx/libx11/libx11-dev_1.7.5-1ubuntu0.3_amd64.deb' libx11-dev_2%3a1.7.5-1ubuntu0.3_amd64.deb 744438 MD5Sum:ad8d39be0daa0b4a10f7cfc1eb40ee84
'http://mirrors.aliyun.com/ubuntu/pool/main/libx/libx11-protocol-perl/libx11-protocol-perl_0.56-7.1_all.deb' libx11-protocol-perl_0.56-7.1_all.deb 138060 MD5Sum:1c1a0a2d7853d1a6a03d07c0debc9edb
'http://mirrors.aliyun.com/ubuntu/pool/main/libx/libxml-xpathengine-perl/libxml-xpathengine-perl_0.14-1_all.deb' libxml-xpathengine-perl_0.14-1_all.deb 31780 MD5Sum:ae2e1bb140c4dd327ed008d7df3a7fea
'http://mirrors.aliyun.com/ubuntu/pool/main/libx/libxt/libxt-dev_1.2.1-1_amd64.deb' libxt-dev_1%3a1.2.1-1_amd64.deb 395940 MD5Sum:8637e14b2c94e676097a7a102ba03a2a
'http://mirrors.aliyun.com/ubuntu/pool/universe/l/lmodern/lmodern_2.004.5-6.1_all.deb' lmodern_2.004.5-6.1_all.deb 9471464 MD5Sum:7502b0f594856b576fb598d65d0b08f9
'http://mirrors.aliyun.com/ubuntu/pool/universe/p/pandoc/pandoc-data_2.9.2.1-3ubuntu2_all.deb' pandoc-data_2.9.2.1-3ubuntu2_all.deb 81774 MD5Sum:77a7f28cc812aa2c64e5331bc6262bf6
'http://mirrors.aliyun.com/ubuntu/pool/universe/p/pandoc/pandoc_2.9.2.1-3ubuntu2_amd64.deb' pandoc_2.9.2.1-3ubuntu2_amd64.deb 20329782 MD5Sum:4ab3a266e416b99bed3be09ff658e761
'http://mirrors.aliyun.com/ubuntu/pool/universe/p/plantuml/plantuml_1.2020.2%2bds-1ubuntu0.1_all.deb' plantuml_1%3a1.2020.2+ds-1ubuntu0.1_all.deb 8022038 MD5Sum:6dfcd7434f2cccf13cba080f91a331f6
'http://mirrors.aliyun.com/ubuntu/pool/universe/p/python-pandocfilters/python3-pandocfilters_1.5.0-1_all.deb' python3-pandocfilters_1.5.0-1_all.deb 24040 MD5Sum:b555a790db2ce8b20a339c4f60904f28
'http://mirrors.aliyun.com/ubuntu/pool/universe/p/pandoc-plantuml-filter/pandoc-plantuml-filter_0.1.1-3_all.deb' pandoc-plantuml-filter_0.1.1-3_all.deb 6456 MD5Sum:d29443fa0e2d3df3c572f5ef705fd0a0
'http://mirrors.aliyun.com/ubuntu/pool/universe/a/auctex/preview-latex-style_12.2-1ubuntu1_all.deb' preview-latex-style_12.2-1ubuntu1_all.deb 184544 MD5Sum:abb9b942d9a75003bcce57ff738d3bcd
'http://mirrors.aliyun.com/ubuntu/pool/universe/p/ps2eps/ps2eps_1.68%2bbinaryfree-3_amd64.deb' ps2eps_1.68+binaryfree-3_amd64.deb 33488 MD5Sum:3a2307091fa3052bea05183612c42726
'http://mirrors.aliyun.com/ubuntu/pool/main/t/tcltk-defaults/tcl_8.6.11%2b1build2_amd64.deb' tcl_8.6.11+1build2_amd64.deb 4678 MD5Sum:324935e6dda7f170bcbc7176167f998c
'http://mirrors.aliyun.com/ubuntu/pool/universe/t/teckit/teckit_2.5.11%2bds1-1_amd64.deb' teckit_2.5.11+ds1-1_amd64.deb 699496 MD5Sum:0102e5a6a41d3d6e7e5c0831286dffc4
'http://mirrors.aliyun.com/ubuntu/pool/universe/t/tex-gyre/tex-gyre_20180621-3.1_all.deb' tex-gyre_20180621-3.1_all.deb 6208840 MD5Sum:101259bdbe2a63656cf1f11a13c60cac
'http://mirrors.aliyun.com/ubuntu/pool/universe/t/texlive-base/texlive-fonts-recommended_2021.20220204-1_all.deb' texlive-fonts-recommended_2021.20220204-1_all.deb 4972456 MD5Sum:1e6af8d85efbea8617db875fd3c735d0
'http://mirrors.aliyun.com/ubuntu/pool/universe/t/texlive-lang/texlive-lang-cjk_2021.20220204-1_all.deb' texlive-lang-cjk_2021.20220204-1_all.deb 1514376 MD5Sum:2aa1940aa265a9824983ffcceed1b018
'http://mirrors.aliyun.com/ubuntu/pool/universe/t/texlive-lang/texlive-lang-chinese_2021.20220204-1_all.deb' texlive-lang-chinese_2021.20220204-1_all.deb 47568420 MD5Sum:0a7b975424767fc5f766fdc30618639c
'http://mirrors.aliyun.com/ubuntu/pool/universe/t/texlive-lang/texlive-lang-japanese_2021.20220204-1_all.deb' texlive-lang-japanese_2021.20220204-1_all.deb 74769208 MD5Sum:6043f8bef104e5fba9807db645b9c55b
'http://mirrors.aliyun.com/ubuntu/pool/universe/t/texlive-lang/texlive-lang-korean_2021.20220204-1_all.deb' texlive-lang-korean_2021.20220204-1_all.deb 41637036 MD5Sum:a53c7fc5c9b4244d5383eb8fb62ce9ff
'http://mirrors.aliyun.com/ubuntu/pool/universe/libp/libpdfbox-java/libfontbox-java_1.8.16-2_all.deb' libfontbox-java_1%3a1.8.16-2_all.deb 207428 MD5Sum:526599f6bafe8710ed4daa0ebe14db55
'http://mirrors.aliyun.com/ubuntu/pool/universe/libp/libpdfbox-java/libpdfbox-java_1.8.16-2_all.deb' libpdfbox-java_1%3a1.8.16-2_all.deb 5199344 MD5Sum:f1b088a3e741c6170a45030abeebaba4
'http://mirrors.aliyun.com/ubuntu/pool/universe/t/texlive-base/texlive-latex-recommended_2021.20220204-1_all.deb' texlive-latex-recommended_2021.20220204-1_all.deb 14396532 MD5Sum:7782bf9f7f62484ab8ff23dc8ec587be
'http://mirrors.aliyun.com/ubuntu/pool/universe/t/texlive-base/texlive-pictures_2021.20220204-1_all.deb' texlive-pictures_2021.20220204-1_all.deb 8720276 MD5Sum:23ae94e62924e88b49b9895d69cbbcf2
'http://mirrors.aliyun.com/ubuntu/pool/universe/t/texlive-extra/texlive-latex-extra_2021.20220204-1_all.deb' texlive-latex-extra_2021.20220204-1_all.deb 13871540 MD5Sum:001d3a00568c4b71058ce7557ea60272
'http://mirrors.aliyun.com/ubuntu/pool/universe/t/texlive-extra/texlive-plain-generic_2021.20220204-1_all.deb' texlive-plain-generic_2021.20220204-1_all.deb 27528328 MD5Sum:4f491bb985e2ed1386ff3ea67a16cf64
'http://mirrors.aliyun.com/ubuntu/pool/universe/t/tipa/tipa_1.3-21_all.deb' tipa_2%3a1.3-21_all.deb 2967316 MD5Sum:c03cdba52c49e9b96c2a01ca70b6b1da
'http://mirrors.aliyun.com/ubuntu/pool/universe/t/texlive-base/texlive-xetex_2021.20220204-1_all.deb' texlive-xetex_2021.20220204-1_all.deb 12350516 MD5Sum:5e6573c094b9563fd423c30ce7ec46f7
'http://mirrors.aliyun.com/ubuntu/pool/main/t/tk8.6/tk8.6_8.6.12-1build1_amd64.deb' tk8.6_8.6.12-1build1_amd64.deb 12778 MD5Sum:1fb7cd1df360fc2045595ef83915100a
'http://mirrors.aliyun.com/ubuntu/pool/main/t/tcltk-defaults/tk_8.6.11%2b1build2_amd64.deb' tk_8.6.11+1build2_amd64.deb 3058 MD5Sum:0753cf47faa51c885e19c792b01a5d2b
'http://mirrors.aliyun.com/ubuntu/pool/main/x/x11-xserver-utils/x11-xserver-utils_7.7%2b9build1_amd64.deb' x11-xserver-utils_7.7+9build1_amd64.deb 170290 MD5Sum:206760a3ef5cf07410283768a6cc5d30
